// !$*UTF8*$!
{
	archiveVersion = 1;
	classes = {
	};
	objectVersion = 46;
	objects = {

/* Begin PBXBuildFile section */
		89350DEC1EA4CE5B00C44AC0 /* AppDelegate.swift in Sources */ = {isa = PBXBuildFile; fileRef = 89350DEB1EA4CE5B00C44AC0 /* AppDelegate.swift */; };
		89350DF31EA4CE5B00C44AC0 /* Assets.xcassets in Resources */ = {isa = PBXBuildFile; fileRef = 89350DF21EA4CE5B00C44AC0 /* Assets.xcassets */; };
		89350DF61EA4CE5B00C44AC0 /* LaunchScreen.storyboard in Resources */ = {isa = PBXBuildFile; fileRef = 89350DF41EA4CE5B00C44AC0 /* LaunchScreen.storyboard */; };
		89350E011EA4CE5B00C44AC0 /* QRCodeDemoTests.swift in Sources */ = {isa = PBXBuildFile; fileRef = 89350E001EA4CE5B00C44AC0 /* QRCodeDemoTests.swift */; };
		89350E0C1EA4CE5B00C44AC0 /* QRCodeDemoUITests.swift in Sources */ = {isa = PBXBuildFile; fileRef = 89350E0B1EA4CE5B00C44AC0 /* QRCodeDemoUITests.swift */; };
		89350E261EA4D48400C44AC0 /* QRCodeViewController.swift in Sources */ = {isa = PBXBuildFile; fileRef = 89350E251EA4D48400C44AC0 /* QRCodeViewController.swift */; };
		89350E291EA4D4E900C44AC0 /* AVFoundation.framework in Frameworks */ = {isa = PBXBuildFile; fileRef = 89350E281EA4D4E900C44AC0 /* AVFoundation.framework */; };
		897E47891EA5A7F700B72CB2 /* Main.storyboard in Resources */ = {isa = PBXBuildFile; fileRef = 897E47871EA5A7F700B72CB2 /* Main.storyboard */; };
		897E478B1EA5A90200B72CB2 /* QRScannerController.swift in Sources */ = {isa = PBXBuildFile; fileRef = 897E478A1EA5A90200B72CB2 /* QRScannerController.swift */; };
		897E478D1EA63BC100B72CB2 /* QRCodeView.swift in Sources */ = {isa = PBXBuildFile; fileRef = 897E478C1EA63BC100B72CB2 /* QRCodeView.swift */; };
		897E478F1EA6F3C700B72CB2 /* QRCodeHollowView.swift in Sources */ = {isa = PBXBuildFile; fileRef = 897E478E1EA6F3C700B72CB2 /* QRCodeHollowView.swift */; };
/* End PBXBuildFile section */

/* Begin PBXContainerItemProxy section */
		89350DFD1EA4CE5B00C44AC0 /* PBXContainerItemProxy */ = {
			isa = PBXContainerItemProxy;
			containerPortal = 89350DE01EA4CE5B00C44AC0 /* Project object */;
			proxyType = 1;
			remoteGlobalIDString = 89350DE71EA4CE5B00C44AC0;
			remoteInfo = QRCodeDemo;
		};
		89350E081EA4CE5B00C44AC0 /* PBXContainerItemProxy */ = {
			isa = PBXContainerItemProxy;
			containerPortal = 89350DE01EA4CE5B00C44AC0 /* Project object */;
			proxyType = 1;
			remoteGlobalIDString = 89350DE71EA4CE5B00C44AC0;
			remoteInfo = QRCodeDemo;
		};
/* End PBXContainerItemProxy section */

/* Begin PBXFileReference section */
		89350DE81EA4CE5B00C44AC0 /* QRCodeDemo.app */ = {isa = PBXFileReference; explicitFileType = wrapper.application; includeInIndex = 0; path = QRCodeDemo.app; sourceTree = BUILT_PRODUCTS_DIR; };
		89350DEB1EA4CE5B00C44AC0 /* AppDelegate.swift */ = {isa = PBXFileReference; lastKnownFileType = sourcecode.swift; path = AppDelegate.swift; sourceTree = "<group>"; };
		89350DF21EA4CE5B00C44AC0 /* Assets.xcassets */ = {isa = PBXFileReference; lastKnownFileType = folder.assetcatalog; path = Assets.xcassets; sourceTree = "<group>"; };
		89350DF51EA4CE5B00C44AC0 /* Base */ = {isa = PBXFileReference; lastKnownFileType = file.storyboard; name = Base; path = Base.lproj/LaunchScreen.storyboard; sourceTree = "<group>"; };
		89350DF71EA4CE5B00C44AC0 /* Info.plist */ = {isa = PBXFileReference; lastKnownFileType = text.plist.xml; path = Info.plist; sourceTree = "<group>"; };
		89350DFC1EA4CE5B00C44AC0 /* QRCodeDemoTests.xctest */ = {isa = PBXFileReference; explicitFileType = wrapper.cfbundle; includeInIndex = 0; path = QRCodeDemoTests.xctest; sourceTree = BUILT_PRODUCTS_DIR; };
		89350E001EA4CE5B00C44AC0 /* QRCodeDemoTests.swift */ = {isa = PBXFileReference; lastKnownFileType = sourcecode.swift; path = QRCodeDemoTests.swift; sourceTree = "<group>"; };
		89350E021EA4CE5B00C44AC0 /* Info.plist */ = {isa = PBXFileReference; lastKnownFileType = text.plist.xml; path = Info.plist; sourceTree = "<group>"; };
		89350E071EA4CE5B00C44AC0 /* QRCodeDemoUITests.xctest */ = {isa = PBXFileReference; explicitFileType = wrapper.cfbundle; includeInIndex = 0; path = QRCodeDemoUITests.xctest; sourceTree = BUILT_PRODUCTS_DIR; };
		89350E0B1EA4CE5B00C44AC0 /* QRCodeDemoUITests.swift */ = {isa = PBXFileReference; lastKnownFileType = sourcecode.swift; path = QRCodeDemoUITests.swift; sourceTree = "<group>"; };
		89350E0D1EA4CE5B00C44AC0 /* Info.plist */ = {isa = PBXFileReference; lastKnownFileType = text.plist.xml; path = Info.plist; sourceTree = "<group>"; };
		89350E251EA4D48400C44AC0 /* QRCodeViewController.swift */ = {isa = PBXFileReference; fileEncoding = 4; lastKnownFileType = sourcecode.swift; path = QRCodeViewController.swift; sourceTree = "<group>"; };
		89350E281EA4D4E900C44AC0 /* AVFoundation.framework */ = {isa = PBXFileReference; lastKnownFileType = wrapper.framework; name = AVFoundation.framework; path = System/Library/Frameworks/AVFoundation.framework; sourceTree = SDKROOT; };
		897E47881EA5A7F700B72CB2 /* Base */ = {isa = PBXFileReference; lastKnownFileType = file.storyboard; name = Base; path = Base.lproj/Main.storyboard; sourceTree = "<group>"; };
		897E478A1EA5A90200B72CB2 /* QRScannerController.swift */ = {isa = PBXFileReference; fileEncoding = 4; lastKnownFileType = sourcecode.swift; path = QRScannerController.swift; sourceTree = "<group>"; };
		897E478C1EA63BC100B72CB2 /* QRCodeView.swift */ = {isa = PBXFileReference; fileEncoding = 4; lastKnownFileType = sourcecode.swift; path = QRCodeView.swift; sourceTree = "<group>"; };
		897E478E1EA6F3C700B72CB2 /* QRCodeHollowView.swift */ = {isa = PBXFileReference; fileEncoding = 4; lastKnownFileType = sourcecode.swift; path = QRCodeHollowView.swift; sourceTree = "<group>"; };
/* End PBXFileReference section */

/* Begin PBXFrameworksBuildPhase section */
		89350DE51EA4CE5B00C44AC0 /* Frameworks */ = {
			isa = PBXFrameworksBuildPhase;
			buildActionMask = 2147483647;
			files = (
				89350E291EA4D4E900C44AC0 /* AVFoundation.framework in Frameworks */,
			);
			runOnlyForDeploymentPostprocessing = 0;
		};
		89350DF91EA4CE5B00C44AC0 /* Frameworks */ = {
			isa = PBXFrameworksBuildPhase;
			buildActionMask = 2147483647;
			files = (
			);
			runOnlyForDeploymentPostprocessing = 0;
		};
		89350E041EA4CE5B00C44AC0 /* Frameworks */ = {
			isa = PBXFrameworksBuildPhase;
			buildActionMask = 2147483647;
			files = (
			);
			runOnlyForDeploymentPostprocessing = 0;
		};
/* End PBXFrameworksBuildPhase section */

/* Begin PBXGroup section */
		89350DDF1EA4CE5B00C44AC0 = {
			isa = PBXGroup;
			children = (
				89350DEA1EA4CE5B00C44AC0 /* QRCodeDemo */,
				89350DFF1EA4CE5B00C44AC0 /* QRCodeDemoTests */,
				89350E0A1EA4CE5B00C44AC0 /* QRCodeDemoUITests */,
				89350DE91EA4CE5B00C44AC0 /* Products */,
				89350E271EA4D4E900C44AC0 /* Frameworks */,
			);
			sourceTree = "<group>";
		};
		89350DE91EA4CE5B00C44AC0 /* Products */ = {
			isa = PBXGroup;
			children = (
				89350DE81EA4CE5B00C44AC0 /* QRCodeDemo.app */,
				89350DFC1EA4CE5B00C44AC0 /* QRCodeDemoTests.xctest */,
				89350E071EA4CE5B00C44AC0 /* QRCodeDemoUITests.xctest */,
			);
			name = Products;
			sourceTree = "<group>";
		};
		89350DEA1EA4CE5B00C44AC0 /* QRCodeDemo */ = {
			isa = PBXGroup;
			children = (
				89350E221EA4D47500C44AC0 /* QRCode */,
				89350E191EA4CE8900C44AC0 /* QRCode File */,
			);
			path = QRCodeDemo;
			sourceTree = "<group>";
		};
		89350DFF1EA4CE5B00C44AC0 /* QRCodeDemoTests */ = {
			isa = PBXGroup;
			children = (
				89350E001EA4CE5B00C44AC0 /* QRCodeDemoTests.swift */,
				89350E021EA4CE5B00C44AC0 /* Info.plist */,
			);
			path = QRCodeDemoTests;
			sourceTree = "<group>";
		};
		89350E0A1EA4CE5B00C44AC0 /* QRCodeDemoUITests */ = {
			isa = PBXGroup;
			children = (
				89350E0B1EA4CE5B00C44AC0 /* QRCodeDemoUITests.swift */,
				89350E0D1EA4CE5B00C44AC0 /* Info.plist */,
			);
			path = QRCodeDemoUITests;
			sourceTree = "<group>";
		};
		89350E191EA4CE8900C44AC0 /* QRCode File */ = {
			isa = PBXGroup;
			children = (
				897E47871EA5A7F700B72CB2 /* Main.storyboard */,
				89350DEB1EA4CE5B00C44AC0 /* AppDelegate.swift */,
				89350DF21EA4CE5B00C44AC0 /* Assets.xcassets */,
				89350DF41EA4CE5B00C44AC0 /* LaunchScreen.storyboard */,
				89350DF71EA4CE5B00C44AC0 /* Info.plist */,
			);
			name = "QRCode File";
			sourceTree = "<group>";
		};
		89350E221EA4D47500C44AC0 /* QRCode */ = {
			isa = PBXGroup;
			children = (
				89350E231EA4D47500C44AC0 /* Controller */,
				89350E241EA4D47500C44AC0 /* View */,
			);
			path = QRCode;
			sourceTree = "<group>";
		};
		89350E231EA4D47500C44AC0 /* Controller */ = {
			isa = PBXGroup;
			children = (
				89350E251EA4D48400C44AC0 /* QRCodeViewController.swift */,
				897E478A1EA5A90200B72CB2 /* QRScannerController.swift */,
			);
			path = Controller;
			sourceTree = "<group>";
		};
		89350E241EA4D47500C44AC0 /* View */ = {
			isa = PBXGroup;
			children = (
				897E478C1EA63BC100B72CB2 /* QRCodeView.swift */,
				897E478E1EA6F3C700B72CB2 /* QRCodeHollowView.swift */,
			);
			path = View;
			sourceTree = "<group>";
		};
		89350E271EA4D4E900C44AC0 /* Frameworks */ = {
			isa = PBXGroup;
			children = (
				89350E281EA4D4E900C44AC0 /* AVFoundation.framework */,
			);
			name = Frameworks;
			sourceTree = "<group>";
		};
/* End PBXGroup section */

/* Begin PBXNativeTarget section */
		89350DE71EA4CE5B00C44AC0 /* QRCodeDemo */ = {
			isa = PBXNativeTarget;
			buildConfigurationList = 89350E101EA4CE5B00C44AC0 /* Build configuration list for PBXNativeTarget "QRCodeDemo" */;
			buildPhases = (
				89350DE41EA4CE5B00C44AC0 /* Sources */,
				89350DE51EA4CE5B00C44AC0 /* Frameworks */,
				89350DE61EA4CE5B00C44AC0 /* Resources */,
			);
			buildRules = (
			);
			dependencies = (
			);
			name = QRCodeDemo;
			productName = QRCodeDemo;
			productReference = 89350DE81EA4CE5B00C44AC0 /* QRCodeDemo.app */;
			productType = "com.apple.product-type.application";
		};
		89350DFB1EA4CE5B00C44AC0 /* QRCodeDemoTests */ = {
			isa = PBXNativeTarget;
			buildConfigurationList = 89350E131EA4CE5B00C44AC0 /* Build configuration list for PBXNativeTarget "QRCodeDemoTests" */;
			buildPhases = (
				89350DF81EA4CE5B00C44AC0 /* Sources */,
				89350DF91EA4CE5B00C44AC0 /* Frameworks */,
				89350DFA1EA4CE5B00C44AC0 /* Resources */,
			);
			buildRules = (
			);
			dependencies = (
				89350DFE1EA4CE5B00C44AC0 /* PBXTargetDependency */,
			);
			name = QRCodeDemoTests;
			productName = QRCodeDemoTests;
			productReference = 89350DFC1EA4CE5B00C44AC0 /* QRCodeDemoTests.xctest */;
			productType = "com.apple.product-type.bundle.unit-test";
		};
		89350E061EA4CE5B00C44AC0 /* QRCodeDemoUITests */ = {
			isa = PBXNativeTarget;
			buildConfigurationList = 89350E161EA4CE5B00C44AC0 /* Build configuration list for PBXNativeTarget "QRCodeDemoUITests" */;
			buildPhases = (
				89350E031EA4CE5B00C44AC0 /* Sources */,
				89350E041EA4CE5B00C44AC0 /* Frameworks */,
				89350E051EA4CE5B00C44AC0 /* Resources */,
			);
			buildRules = (
			);
			dependencies = (
				89350E091EA4CE5B00C44AC0 /* PBXTargetDependency */,
			);
			name = QRCodeDemoUITests;
			productName = QRCodeDemoUITests;
			productReference = 89350E071EA4CE5B00C44AC0 /* QRCodeDemoUITests.xctest */;
			productType = "com.apple.product-type.bundle.ui-testing";
		};
/* End PBXNativeTarget section */

/* Begin PBXProject section */
		89350DE01EA4CE5B00C44AC0 /* Project object */ = {
			isa = PBXProject;
			attributes = {
				LastSwiftUpdateCheck = 0830;
				LastUpgradeCheck = 0830;
				ORGANIZATIONNAME = maiGit;
				TargetAttributes = {
					89350DE71EA4CE5B00C44AC0 = {
						CreatedOnToolsVersion = 8.3;
						DevelopmentTeam = Q7E3SDMRXN;
						ProvisioningStyle = Automatic;
					};
					89350DFB1EA4CE5B00C44AC0 = {
						CreatedOnToolsVersion = 8.3;
						ProvisioningStyle = Automatic;
						TestTargetID = 89350DE71EA4CE5B00C44AC0;
					};
					89350E061EA4CE5B00C44AC0 = {
						CreatedOnToolsVersion = 8.3;
						ProvisioningStyle = Automatic;
						TestTargetID = 89350DE71EA4CE5B00C44AC0;
					};
				};
			};
			buildConfigurationList = 89350DE31EA4CE5B00C44AC0 /* Build configuration list for PBXProject "QRCodeDemo" */;
			compatibilityVersion = "Xcode 3.2";
			developmentRegion = English;
			hasScannedForEncodings = 0;
			knownRegions = (
				en,
				Base,
			);
			mainGroup = 89350DDF1EA4CE5B00C44AC0;
			productRefGroup = 89350DE91EA4CE5B00C44AC0 /* Products */;
			projectDirPath = "";
			projectRoot = "";
			targets = (
				89350DE71EA4CE5B00C44AC0 /* QRCodeDemo */,
				89350DFB1EA4CE5B00C44AC0 /* QRCodeDemoTests */,
				89350E061EA4CE5B00C44AC0 /* QRCodeDemoUITests */,
			);
		};
/* End PBXProject section */

/* Begin PBXResourcesBuildPhase section */
		89350DE61EA4CE5B00C44AC0 /* Resources */ = {
			isa = PBXResourcesBuildPhase;
			buildActionMask = 2147483647;
			files = (
				897E47891EA5A7F700B72CB2 /* Main.storyboard in Resources */,
				89350DF61EA4CE5B00C44AC0 /* LaunchScreen.storyboard in Resources */,
				89350DF31EA4CE5B00C44AC0 /* Assets.xcassets in Resources */,
			);
			runOnlyForDeploymentPostprocessing = 0;
		};
		89350DFA1EA4CE5B00C44AC0 /* Resources */ = {
			isa = PBXResourcesBuildPhase;
			buildActionMask = 2147483647;
			files = (
			);
			runOnlyForDeploymentPostprocessing = 0;
		};
		89350E051EA4CE5B00C44AC0 /* Resources */ = {
			isa = PBXResourcesBuildPhase;
			buildActionMask = 2147483647;
			files = (
			);
			runOnlyForDeploymentPostprocessing = 0;
		};
/* End PBXResourcesBuildPhase section */

/* Begin PBXSourcesBuildPhase section */
		89350DE41EA4CE5B00C44AC0 /* Sources */ = {
			isa = PBXSourcesBuildPhase;
			buildActionMask = 2147483647;
			files = (
				897E478D1EA63BC100B72CB2 /* QRCodeView.swift in Sources */,
				89350E261EA4D48400C44AC0 /* QRCodeViewController.swift in Sources */,
				89350DEC1EA4CE5B00C44AC0 /* AppDelegate.swift in Sources */,
				897E478F1EA6F3C700B72CB2 /* QRCodeHollowView.swift in Sources */,
				897E478B1EA5A90200B72CB2 /* QRScannerController.swift in Sources */,
			);
			runOnlyForDeploymentPostprocessing = 0;
		};
		89350DF81EA4CE5B00C44AC0 /* Sources */ = {
			isa = PBXSourcesBuildPhase;
			buildActionMask = 2147483647;
			files = (
				89350E011EA4CE5B00C44AC0 /* QRCodeDemoTests.swift in Sources */,
			);
			runOnlyForDeploymentPostprocessing = 0;
		};
		89350E031EA4CE5B00C44AC0 /* Sources */ = {
			isa = PBXSourcesBuildPhase;
			buildActionMask = 2147483647;
			files = (
				89350E0C1EA4CE5B00C44AC0 /* QRCodeDemoUITests.swift in Sources */,
			);
			runOnlyForDeploymentPostprocessing = 0;
		};
/* End PBXSourcesBuildPhase section */

/* Begin PBXTargetDependency section */
		89350DFE1EA4CE5B00C44AC0 /* PBXTargetDependency */ = {
			isa = PBXTargetDependency;
			target = 89350DE71EA4CE5B00C44AC0 /* QRCodeDemo */;
			targetProxy = 89350DFD1EA4CE5B00C44AC0 /* PBXContainerItemProxy */;
		};
		89350E091EA4CE5B00C44AC0 /* PBXTargetDependency */ = {
			isa = PBXTargetDependency;
			target = 89350DE71EA4CE5B00C44AC0 /* QRCodeDemo */;
			targetProxy = 89350E081EA4CE5B00C44AC0 /* PBXContainerItemProxy */;
		};
/* End PBXTargetDependency section */

/* Begin PBXVariantGroup section */
		89350DF41EA4CE5B00C44AC0 /* LaunchScreen.storyboard */ = {
			isa = PBXVariantGroup;
			children = (
				89350DF51EA4CE5B00C44AC0 /* Base */,
			);
			name = LaunchScreen.storyboard;
			sourceTree = "<group>";
		};
		897E47871EA5A7F700B72CB2 /* Main.storyboard */ = {
			isa = PBXVariantGroup;
			children = (
				897E47881EA5A7F700B72CB2 /* Base */,
			);
			name = Main.storyboard;
			sourceTree = "<group>";
		};
/* End PBXVariantGroup section */

/* Begin XCBuildConfiguration section */
		89350E0E1EA4CE5B00C44AC0 /* Debug */ = {
			isa = XCBuildConfiguration;
			buildSettings = {
				ALWAYS_SEARCH_USER_PATHS = NO;
				CLANG_ANALYZER_NONNULL = YES;
				CLANG_ANALYZER_NUMBER_OBJECT_CONVERSION = YES_AGGRESSIVE;
				CLANG_CXX_LANGUAGE_STANDARD = "gnu++0x";
				CLANG_CXX_LIBRARY = "libc++";
				CLANG_ENABLE_MODULES = YES;
				CLANG_ENABLE_OBJC_ARC = YES;
				CLANG_WARN_BOOL_CONVERSION = YES;
				CLANG_WARN_CONSTANT_CONVERSION = YES;
				CLANG_WARN_DIRECT_OBJC_ISA_USAGE = YES_ERROR;
				CLANG_WARN_DOCUMENTATION_COMMENTS = YES;
				CLANG_WARN_EMPTY_BODY = YES;
				CLANG_WARN_ENUM_CONVERSION = YES;
				CLANG_WARN_INFINITE_RECURSION = YES;
				CLANG_WARN_INT_CONVERSION = YES;
				CLANG_WARN_OBJC_ROOT_CLASS = YES_ERROR;
				CLANG_WARN_SUSPICIOUS_MOVE = YES;
				CLANG_WARN_UNREACHABLE_CODE = YES;
				CLANG_WARN__DUPLICATE_METHOD_MATCH = YES;
				"CODE_SIGN_IDENTITY[sdk=iphoneos*]" = "iPhone Developer";
				COPY_PHASE_STRIP = NO;
				DEBUG_INFORMATION_FORMAT = dwarf;
				ENABLE_STRICT_OBJC_MSGSEND = YES;
				ENABLE_TESTABILITY = YES;
				GCC_C_LANGUAGE_STANDARD = gnu99;
				GCC_DYNAMIC_NO_PIC = NO;
				GCC_NO_COMMON_BLOCKS = YES;
				GCC_OPTIMIZATION_LEVEL = 0;
				GCC_PREPROCESSOR_DEFINITIONS = (
					"DEBUG=1",
					"$(inherited)",
				);
				GCC_WARN_64_TO_32_BIT_CONVERSION = YES;
				GCC_WARN_ABOUT_RETURN_TYPE = YES_ERROR;
				GCC_WARN_UNDECLARED_SELECTOR = YES;
				GCC_WARN_UNINITIALIZED_AUTOS = YES_AGGRESSIVE;
				GCC_WARN_UNUSED_FUNCTION = YES;
				GCC_WARN_UNUSED_VARIABLE = YES;
				IPHONEOS_DEPLOYMENT_TARGET = 10.3;
				MTL_ENABLE_DEBUG_INFO = YES;
				ONLY_ACTIVE_ARCH = YES;
				SDKROOT = iphoneos;
				SWIFT_ACTIVE_COMPILATION_CONDITIONS = DEBUG;
				SWIFT_OPTIMIZATION_LEVEL = "-Onone";
			};
			name = Debug;
		};
		89350E0F1EA4CE5B00C44AC0 /* Release */ = {
			isa = XCBuildConfiguration;
			buildSettings = {
				ALWAYS_SEARCH_USER_PATHS = NO;
				CLANG_ANALYZER_NONNULL = YES;
				CLANG_ANALYZER_NUMBER_OBJECT_CONVERSION = YES_AGGRESSIVE;
				CLANG_CXX_LANGUAGE_STANDARD = "gnu++0x";
				CLANG_CXX_LIBRARY = "libc++";
				CLANG_ENABLE_MODULES = YES;
				CLANG_ENABLE_OBJC_ARC = YES;
				CLANG_WARN_BOOL_CONVERSION = YES;
				CLANG_WARN_CONSTANT_CONVERSION = YES;
				CLANG_WARN_DIRECT_OBJC_ISA_USAGE = YES_ERROR;
				CLANG_WARN_DOCUMENTATION_COMMENTS = YES;
				CLANG_WARN_EMPTY_BODY = YES;
				CLANG_WARN_ENUM_CONVERSION = YES;
				CLANG_WARN_INFINITE_RECURSION = YES;
				CLANG_WARN_INT_CONVERSION = YES;
				CLANG_WARN_OBJC_ROOT_CLASS = YES_ERROR;
				CLANG_WARN_SUSPICIOUS_MOVE = YES;
				CLANG_WARN_UNREACHABLE_CODE = YES;
				CLANG_WARN__DUPLICATE_METHOD_MATCH = YES;
				"CODE_SIGN_IDENTITY[sdk=iphoneos*]" = "iPhone Developer";
				COPY_PHASE_STRIP = NO;
				DEBUG_INFORMATION_FORMAT = "dwarf-with-dsym";
				ENABLE_NS_ASSERTIONS = NO;
				ENABLE_STRICT_OBJC_MSGSEND = YES;
				GCC_C_LANGUAGE_STANDARD = gnu99;
				GCC_NO_COMMON_BLOCKS = YES;
				GCC_WARN_64_TO_32_BIT_CONVERSION = YES;
				GCC_WARN_ABOUT_RETURN_TYPE = YES_ERROR;
				GCC_WARN_UNDECLARED_SELECTOR = YES;
				GCC_WARN_UNINITIALIZED_AUTOS = YES_AGGRESSIVE;
				GCC_WARN_UNUSED_FUNCTION = YES;
				GCC_WARN_UNUSED_VARIABLE = YES;
				IPHONEOS_DEPLOYMENT_TARGET = 10.3;
				MTL_ENABLE_DEBUG_INFO = NO;
				SDKROOT = iphoneos;
				SWIFT_OPTIMIZATION_LEVEL = "-Owholemodule";
				VALIDATE_PRODUCT = YES;
			};
			name = Release;
		};
		89350E111EA4CE5B00C44AC0 /* Debug */ = {
			isa = XCBuildConfiguration;
			buildSettings = {
				ASSETCATALOG_COMPILER_APPICON_NAME = AppIcon;
				CODE_SIGN_IDENTITY = "iPhone Developer";
				"CODE_SIGN_IDENTITY[sdk=iphoneos*]" = "iPhone Developer";
				DEVELOPMENT_TEAM = Q7E3SDMRXN;
				INFOPLIST_FILE = QRCodeDemo/Info.plist;
				IPHONEOS_DEPLOYMENT_TARGET = 9.0;
				LD_RUNPATH_SEARCH_PATHS = "$(inherited) @executable_path/Frameworks";
				PRODUCT_BUNDLE_IDENTIFIER = "--.QRCodeDemo";
				PRODUCT_NAME = "$(TARGET_NAME)";
				PROVISIONING_PROFILE_SPECIFIER = "";
				SWIFT_VERSION = 3.0;
				TARGETED_DEVICE_FAMILY = 1;
			};
			name = Debug;
		};
		89350E121EA4CE5B00C44AC0 /* Release */ = {
			isa = XCBuildConfiguration;
			buildSettings = {
				ASSETCATALOG_COMPILER_APPICON_NAME = AppIcon;
				CODE_SIGN_IDENTITY = "iPhone Developer";
				"CODE_SIGN_IDENTITY[sdk=iphoneos*]" = "iPhone Developer";
				DEVELOPMENT_TEAM = Q7E3SDMRXN;
				INFOPLIST_FILE = QRCodeDemo/Info.plist;
				IPHONEOS_DEPLOYMENT_TARGET = 9.0;
				LD_RUNPATH_SEARCH_PATHS = "$(inherited) @executable_path/Frameworks";
				PRODUCT_BUNDLE_IDENTIFIER = "--.QRCodeDemo";
				PRODUCT_NAME = "$(TARGET_NAME)";
				PROVISIONING_PROFILE_SPECIFIER = "";
				SWIFT_VERSION = 3.0;
				TARGETED_DEVICE_FAMILY = 1;
			};
			name = Release;
		};
		89350E141EA4CE5B00C44AC0 /* Debug */ = {
			isa = XCBuildConfiguration;
			buildSettings = {
				ALWAYS_EMBED_SWIFT_STANDARD_LIBRARIES = YES;
				BUNDLE_LOADER = "$(TEST_HOST)";
				INFOPLIST_FILE = QRCodeDemoTests/Info.plist;
				LD_RUNPATH_SEARCH_PATHS = "$(inherited) @executable_path/Frameworks @loader_path/Frameworks";
				PRODUCT_BUNDLE_IDENTIFIER = "--.QRCodeDemoTests";
				PRODUCT_NAME = "$(TARGET_NAME)";
				SWIFT_VERSION = 3.0;
				TEST_HOST = "$(BUILT_PRODUCTS_DIR)/QRCodeDemo.app/QRCodeDemo";
			};
			name = Debug;
		};
		89350E151EA4CE5B00C44AC0 /* Release */ = {
			isa = XCBuildConfiguration;
			buildSettings = {
				ALWAYS_EMBED_SWIFT_STANDARD_LIBRARIES = YES;
				BUNDLE_LOADER = "$(TEST_HOST)";
				INFOPLIST_FILE = QRCodeDemoTests/Info.plist;
				LD_RUNPATH_SEARCH_PATHS = "$(inherited) @executable_path/Frameworks @loader_path/Frameworks";
				PRODUCT_BUNDLE_IDENTIFIER = "--.QRCodeDemoTests";
				PRODUCT_NAME = "$(TARGET_NAME)";
				SWIFT_VERSION = 3.0;
				TEST_HOST = "$(BUILT_PRODUCTS_DIR)/QRCodeDemo.app/QRCodeDemo";
			};
			name = Release;
		};
		89350E171EA4CE5B00C44AC0 /* Debug */ = {
			isa = XCBuildConfiguration;
			buildSettings = {
				ALWAYS_EMBED_SWIFT_STANDARD_LIBRARIES = YES;
				INFOPLIST_FILE = QRCodeDemoUITests/Info.plist;
				LD_RUNPATH_SEARCH_PATHS = "$(inherited) @executable_path/Frameworks @loader_path/Frameworks";
				PRODUCT_BUNDLE_IDENTIFIER = "--.QRCodeDemoUITests";
				PRODUCT_NAME = "$(TARGET_NAME)";
				SWIFT_VERSION = 3.0;
				TEST_TARGET_NAME = QRCodeDemo;
			};
			name = Debug;
		};
		89350E181EA4CE5B00C44AC0 /* Release */ = {
			isa = XCBuildConfiguration;
			buildSettings = {
				ALWAYS_EMBED_SWIFT_STANDARD_LIBRARIES = YES;
				INFOPLIST_FILE = QRCodeDemoUITests/Info.plist;
				LD_RUNPATH_SEARCH_PATHS = "$(inherited) @executable_path/Frameworks @loader_path/Frameworks";
				PRODUCT_BUNDLE_IDENTIFIER = "--.QRCodeDemoUITests";
				PRODUCT_NAME = "$(TARGET_NAME)";
				SWIFT_VERSION = 3.0;
				TEST_TARGET_NAME = QRCodeDemo;
			};
			name = Release;
		};
/* End XCBuildConfiguration section */

/* Begin XCConfigurationList section */
		89350DE31EA4CE5B00C44AC0 /* Build configuration list for PBXProject "QRCodeDemo" */ = {
			isa = XCConfigurationList;
			buildConfigurations = (
				89350E0E1EA4CE5B00C44AC0 /* Debug */,
				89350E0F1EA4CE5B00C44AC0 /* Release */,
			);
			defaultConfigurationIsVisible = 0;
			defaultConfigurationName = Release;
		};
		89350E101EA4CE5B00C44AC0 /* Build configuration list for PBXNativeTarget "QRCodeDemo" */ = {
			isa = XCConfigurationList;
			buildConfigurations = (
				89350E111EA4CE5B00C44AC0 /* Debug */,
				89350E121EA4CE5B00C44AC0 /* Release */,
			);
			defaultConfigurationIsVisible = 0;
			defaultConfigurationName = Release;
		};
		89350E131EA4CE5B00C44AC0 /* Build configuration list for PBXNativeTarget "QRCodeDemoTests" */ = {
			isa = XCConfigurationList;
			buildConfigurations = (
				89350E141EA4CE5B00C44AC0 /* Debug */,
				89350E151EA4CE5B00C44AC0 /* Release */,
			);
			defaultConfigurationIsVisible = 0;
			defaultConfigurationName = Release;
		};
		89350E161EA4CE5B00C44AC0 /* Build configuration list for PBXNativeTarget "QRCodeDemoUITests" */ = {
			isa = XCConfigurationList;
			buildConfigurations = (
				89350E171EA4CE5B00C44AC0 /* Debug */,
				89350E181EA4CE5B00C44AC0 /* Release */,
			);
			defaultConfigurationIsVisible = 0;
			defaultConfigurationName = Release;
		};
/* End XCConfigurationList section */
	};
	rootObject = 89350DE01EA4CE5B00C44AC0 /* Project object */;
}
